
Microsoft Visual Studio Solution File, Format Version 12.00
# Visual Studio Version 16
VisualStudioVersion = 16.0.31613.86
MinimumVisualStudioVersion = 10.0.40219.1
Project("{FAE04EC0-301F-11D3-BF4B-00C04F79EFBC}") = "P2PersonalUI", "P2PersonalUI\P2PersonalUI.csproj", "{12972014-7BF1-4863-813D-DFCE731D4806}"
EndProject
Global
	GlobalSection(SolutionConfigurationPlatforms) = preSolution
		Debug|Any CPU = Debug|Any CPU
		Release|Any CPU = Release|Any CPU
	EndGlobalSection
	GlobalSection(ProjectConfigurationPlatforms) = postSolution
		{12972014-7BF1-4863-813D-DFCE731D4806}.Debug|Any CPU.ActiveCfg = Debug|Any CPU
		{12972014-7BF1-4863-813D-DFCE731D4806}.Debug|Any CPU.Build.0 = Debug|Any CPU
		{12972014-7BF1-4863-813D-DFCE731D4806}.Release|Any CPU.ActiveCfg = Release|Any CPU
		{12972014-7BF1-4863-813D-DFCE731D4806}.Release|Any CPU.Build.0 = Release|Any CPU
	EndGlobalSection
	GlobalSection(SolutionProperties) = preSolution
		HideSolutionNode = FALSE
	EndGlobalSection
	GlobalSection(ExtensibilityGlobals) = postSolution
		SolutionGuid = {BB8CE385-C1FC-4AF1-A0B0-83E9A5129680}
	EndGlobalSection
EndGlobal
